<?xml version="1.0" encoding="utf-8"?>
<Project ToolsVersion="4.0" xmlns="http://schemas.microsoft.com/developer/msbuild/2003">
  <ItemGroup>
    <Filter Include="Source Files">
      <UniqueIdentifier>{4FC737F1-C7A5-4376-A066-2A32D752A2FF}</UniqueIdentifier>
      <Extensions>cpp;c;cc;cxx;def;odl;idl;hpj;bat;asm;asmx</Extensions>
    </Filter>
    <Filter Include="Header Files">
      <UniqueIdentifier>{93995380-89BD-4b04-88EB-625FBE52EBFB}</UniqueIdentifier>
      <Extensions>h;hpp;hxx;hm;inl;inc;xsd</Extensions>
    </Filter>
    <Filter Include="Resource Files">
      <UniqueIdentifier>{67DA6AB6-F800-4c08-8B7A-83BB121AAD01}</UniqueIdentifier>
      <Extensions>rc;ico;cur;bmp;dlg;rc2;rct;bin;rgs;gif;jpg;jpeg;jpe;resx;tiff;tif;png;wav;mfcribbon-ms</Extensions>
    </Filter>
    <Filter Include="Header Files\Logique">
      <UniqueIdentifier>{024f4943-fb44-4730-850b-a134a4e4f468}</UniqueIdentifier>
    </Filter>
    <Filter Include="Header Files\Networking">
      <UniqueIdentifier>{6d4111b6-e379-4d74-b2a1-aa191d2752b4}</UniqueIdentifier>
    </Filter>
    <Filter Include="Source Files\Logique">
      <UniqueIdentifier>{7a346b83-7e29-4a62-932c-4a9542c00fe6}</UniqueIdentifier>
    </Filter>
    <Filter Include="Source Files\Networking">
      <UniqueIdentifier>{0ebc9aaf-d96d-4db5-a35b-eb6bf748a349}</UniqueIdentifier>
    </Filter>
    <Filter Include="Source Files\Wrapper">
      <UniqueIdentifier>{fe4e53e6-5da1-4ffd-a827-db697f6c1ab3}</UniqueIdentifier>
    </Filter>
    <Filter Include="Header Files\Wrapper">
      <UniqueIdentifier>{ace084d7-5d61-4aa9-bb0f-589b6cd9bef7}</UniqueIdentifier>
    </Filter>
  </ItemGroup>
  <ItemGroup>
    <ClCompile Include="main.cpp">
      <Filter>Source Files</Filter>
    </ClCompile>
    <ClCompile Include="Package.cpp">
      <Filter>Source Files\Networking</Filter>
    </ClCompile>
    <ClCompile Include="Server.cpp">
      <Filter>Source Files\Networking</Filter>
    </ClCompile>
    <ClCompile Include="..\..\Logique\Environnement.cpp">
      <Filter>Source Files\Logique</Filter>
    </ClCompile>
    <ClCompile Include="NetworkEnvironnement.cpp">
      <Filter>Source Files\Wrapper</Filter>
    </ClCompile>
    <ClCompile Include="..\..\Logique\Coord.cpp">
      <Filter>Source Files\Logique</Filter>
    </ClCompile>
    <ClCompile Include="..\..\Logique\Entity.cpp">
      <Filter>Source Files\Logique</Filter>
    </ClCompile>
    <ClCompile Include="..\..\Logique\Callback_Environnement.cpp">
      <Filter>Source Files\Logique</Filter>
    </ClCompile>
    <ClCompile Include="..\..\Logique\Board.cpp">
      <Filter>Source Files\Logique</Filter>
    </ClCompile>
    <ClCompile Include="..\..\Logique\Sheep.cpp">
      <Filter>Source Files\Logique</Filter>
    </ClCompile>
    <ClCompile Include="..\..\Logique\Wolf.cpp">
      <Filter>Source Files\Logique</Filter>
    </ClCompile>
    <ClCompile Include="..\..\Logique\DecisionTree.cpp">
      <Filter>Source Files\Logique</Filter>
    </ClCompile>
    <ClCompile Include="..\..\Logique\Logger.cpp">
      <Filter>Source Files\Logique</Filter>
    </ClCompile>
  </ItemGroup>
  <ItemGroup>
    <ClInclude Include="..\..\Logique\Action.hpp">
      <Filter>Header Files\Logique</Filter>
    </ClInclude>
    <ClInclude Include="..\..\Logique\Board.hpp">
      <Filter>Header Files\Logique</Filter>
    </ClInclude>
    <ClInclude Include="..\..\Logique\Entity.hpp">
      <Filter>Header Files\Logique</Filter>
    </ClInclude>
    <ClInclude Include="..\..\Logique\Environnement.hpp">
      <Filter>Header Files\Logique</Filter>
    </ClInclude>
    <ClInclude Include="..\..\Logique\Sheep.hpp">
      <Filter>Header Files\Logique</Filter>
    </ClInclude>
    <ClInclude Include="..\..\Logique\Singleton.hpp">
      <Filter>Header Files\Logique</Filter>
    </ClInclude>
    <ClInclude Include="..\..\Logique\Square.hpp">
      <Filter>Header Files\Logique</Filter>
    </ClInclude>
    <ClInclude Include="..\..\Logique\Wolf.hpp">
      <Filter>Header Files\Logique</Filter>
    </ClInclude>
    <ClInclude Include="Package.hpp">
      <Filter>Header Files\Networking</Filter>
    </ClInclude>
    <ClInclude Include="Server.hpp">
      <Filter>Header Files\Networking</Filter>
    </ClInclude>
    <ClInclude Include="NetworkEnvironnement.hpp">
      <Filter>Header Files\Wrapper</Filter>
    </ClInclude>
    <ClInclude Include="..\..\Logique\Coord.hpp">
      <Filter>Header Files\Logique</Filter>
    </ClInclude>
    <ClInclude Include="..\..\Logique\Callback_Environnement.hpp">
      <Filter>Header Files\Logique</Filter>
    </ClInclude>
    <ClInclude Include="..\..\Logique\DecisionTree.hpp">
      <Filter>Header Files\Logique</Filter>
    </ClInclude>
    <ClInclude Include="..\..\Logique\Logger.hpp">
      <Filter>Header Files\Logique</Filter>
    </ClInclude>
    <ClInclude Include="..\..\AITest\ConditionnalFunctor.hpp">
      <Filter>Header Files\Logique</Filter>
    </ClInclude>
    <ClInclude Include="..\..\AITest\Gain.hpp">
      <Filter>Header Files\Logique</Filter>
    </ClInclude>
    <ClInclude Include="..\..\AITest\ID3Class.hpp">
      <Filter>Header Files\Logique</Filter>
    </ClInclude>
    <ClInclude Include="..\..\AITest\TreeBuilders.hpp">
      <Filter>Header Files\Logique</Filter>
    </ClInclude>
    <ClInclude Include="..\..\AITest\TypedTree.hpp">
      <Filter>Header Files\Logique</Filter>
    </ClInclude>
  </ItemGroup>
</Project>